
Microsoft Visual Studio Solution File, Format Version 12.00
# Visual Studio Version 17
VisualStudioVersion = 17.5.002.0
MinimumVisualStudioVersion = 10.0.40219.1
Project("{9A19103F-16F7-4668-BE54-9A1E7A4F7556}") = "api", "api.csproj", "{FF75297A-0BE8-4C5B-9CCA-CD63BE79AF24}"
EndProject
Global
	GlobalSection(SolutionConfigurationPlatforms) = preSolution
		Debug|Any CPU = Debug|Any CPU
		Release|Any CPU = Release|Any CPU
	EndGlobalSection
	GlobalSection(ProjectConfigurationPlatforms) = postSolution
		{FF75297A-0BE8-4C5B-9CCA-CD63BE79AF24}.Debug|Any CPU.ActiveCfg = Debug|Any CPU
		{FF75297A-0BE8-4C5B-9CCA-CD63BE79AF24}.Debug|Any CPU.Build.0 = Debug|Any CPU
		{FF75297A-0BE8-4C5B-9CCA-CD63BE79AF24}.Release|Any CPU.ActiveCfg = Release|Any CPU
		{FF75297A-0BE8-4C5B-9CCA-CD63BE79AF24}.Release|Any CPU.Build.0 = Release|Any CPU
	EndGlobalSection
	GlobalSection(SolutionProperties) = preSolution
		HideSolutionNode = FALSE
	EndGlobalSection
	GlobalSection(ExtensibilityGlobals) = postSolution
		SolutionGuid = {E7851A65-AB09-44A6-A1D2-3CBA09A1FEBF}
	EndGlobalSection
EndGlobal
